{
  "version": 4,
  "terraform_version": "1.4.2",
  "serial": 117,
  "lineage": "b41c7550-eed6-8b78-f074-e16fcf2f1b5d",
  "outputs": {},
  "resources": [
    {
      "mode": "managed",
      "type": "proxmox_vm_qemu",
      "name": "worker_nodes",
      "provider": "provider[\"registry.terraform.io/telmate/proxmox\"]",
      "instances": [
        {
          "index_key": 0,
          "schema_version": 0,
          "attributes": {
            "additional_wait": 0,
            "agent": 0,
            "args": "",
            "balloon": 0,
            "bios": "seabios",
            "boot": "cdn",
            "bootdisk": "scsi0",
            "bridge": "",
            "ci_wait": null,
            "cicustom": "",
            "cipassword": "",
            "ciuser": "",
            "clone": "ubuntu-2004-cloudinit-template",
            "clone_wait": 0,
            "cloudinit_cdrom_storage": null,
            "cores": 4,
            "cpu": "host",
            "default_ipv4_address": null,
            "define_connection_info": true,
            "desc": "",
            "disk": [
              {
                "backup": 0,
                "cache": "none",
                "discard": "",
                "file": "103/vm-103-disk-1.raw",
                "format": "raw",
                "iothread": 0,
                "mbps": 0,
                "mbps_rd": 0,
                "mbps_rd_max": 0,
                "mbps_wr": 0,
                "mbps_wr_max": 0,
                "media": "",
                "replicate": 0,
                "size": "48G",
                "slot": 0,
                "ssd": 0,
                "storage": "local",
                "storage_type": "dir",
                "type": "scsi",
                "volume": "local:103/vm-103-disk-1.raw"
              }
            ],
            "disk_gb": 0,
            "force_create": false,
            "force_recreate_on_change_of": null,
            "full_clone": true,
            "guest_agent_ready_timeout": 100,
            "hagroup": "",
            "hastate": "",
            "hotplug": "network,disk,usb",
            "id": "llama/qemu/103",
            "ipconfig0": "ip=10.200.100.102/24,gw=10.200.100.254",
            "ipconfig1": "",
            "ipconfig2": "",
            "ipconfig3": "",
            "ipconfig4": "",
            "ipconfig5": "",
            "iso": null,
            "kvm": true,
            "mac": "",
            "memory": 4096,
            "name": "worker-2.k8s.cluster",
            "nameserver": "",
            "network": [
              {
                "bridge": "vmbr3",
                "firewall": false,
                "link_down": false,
                "macaddr": "6A:E8:7A:54:E3:C2",
                "model": "virtio",
                "queues": 0,
                "rate": 0,
                "tag": 50
              }
            ],
            "nic": "",
            "numa": false,
            "onboot": true,
            "os_network_config": null,
            "os_type": "cloud-init",
            "pool": "",
            "preprovision": true,
            "qemu_os": "other",
            "reboot_required": false,
            "scsihw": "virtio-scsi-pci",
            "searchdomain": "",
            "serial": [],
            "sockets": 1,
            "ssh_forward_ip": null,
            "ssh_host": null,
            "ssh_port": null,
            "ssh_private_key": null,
            "ssh_user": null,
            "sshkeys": "ssh-rsa AAAAB3NzaC1yc2EAAAADAQABAAACAQDezmPrFQrPjd/6BsZMv0pCEz81hKEUoMGmCopgjE8u/ReBYb0XDAK/bUlQIHbBg1VBOzzlcH6aY07D7+SzLEfJX2zqtPHpd6D4r0xhkwzqqE+bxtBMyMRtgT4wzuolrQ8sER7CrEFdam752fd+BR5uqhdhgnU5yFlZJA74CRZrczp/G+4ogjI4Ctv6m8Ye18YL/JM32I3BqoBjaAU/GqZi52fXd1rKQuMOlccqQhESvFV+uZqB32647djlJ39N4EBh1D8MXtSmR4LTMsXgPDFuLAfDZyHIveZiiuFQ/dXjM0Rwe6C5mRqCdaNX5cnYgfHh6ZnlgFPpU2Emc4EIAd/+3EkJ+nxFNnqxWHL/9+Li2bGl2nAT7fjYidtO+QX3QRd7tof98QJRIx/z8baco7F7sUJAVoe+kpmDRaDzwSnXmiyTH3UbpoXhOM18WraElQjqjeGfyTgEqJ5UtebXj3a4zu5+Eyu/vcEF2M/h7DpQdmdpdzVZRUB7YtOjaHD6zkQ7TPhx3H+duYmve51FQ+Ok62YYhcgSUmk64aLA5mDjyZo8jWDbjcADsugK2GZzrXb0aR4redae1zsEWvXoPsWWyc03wCNsCsWz3DYxpsdIzMNP7ZX5uwyuX2gSXiRAJSwOC6NjqxlQ5SnQvmbnSC8tXqZ0vA3ThB+GK8UPdePjAw== yaourt@dev-tfm\n\n",
            "storage": "",
            "storage_type": "",
            "tablet": true,
            "tags": "",
            "target_node": "llama",
            "timeouts": null,
            "unused_disk": [
              {
                "file": "103/vm-103-disk-0.raw",
                "slot": 0,
                "storage": "local"
              }
            ],
            "vcpus": 0,
            "vga": [],
            "vlan": -1,
            "vmid": null
          },
          "sensitive_attributes": [],
          "private": "eyJlMmJmYjczMC1lY2FhLTExZTYtOGY4OC0zNDM2M2JjN2M0YzAiOnsiY3JlYXRlIjoxMjAwMDAwMDAwMDAsImRlZmF1bHQiOjEyMDAwMDAwMDAwMCwiZGVsZXRlIjo5MDAwMDAwMDAwMCwicmVhZCI6MzAwMDAwMDAwMDAsInVwZGF0ZSI6OTAwMDAwMDAwMDB9fQ=="
        }
      ]
    }
  ],
  "check_results": null
}
